// !$*UTF8*$!
{
	archiveVersion = 1;
	classes = {
	};
	objectVersion = 46;
	objects = {

/* Begin PBXBuildFile section */
		772B7A341C3D53080021D677 /* Dosimeter.swift in Sources */ = {isa = PBXBuildFile; fileRef = 7744C4411C3D4F2200E1F338 /* Dosimeter.swift */; };
		772EE8E81C3DB014007EEA96 /* DosimeterGraphsViewController.swift in Sources */ = {isa = PBXBuildFile; fileRef = 772EE8E71C3DB014007EEA96 /* DosimeterGraphsViewController.swift */; };
		778606C51C348AC6002D94EB /* AppDelegate.swift in Sources */ = {isa = PBXBuildFile; fileRef = 778606C41C348AC6002D94EB /* AppDelegate.swift */; };
		778606C71C348AC6002D94EB /* InfoViewController.swift in Sources */ = {isa = PBXBuildFile; fileRef = 778606C61C348AC6002D94EB /* InfoViewController.swift */; };
		778606C91C348AC6002D94EB /* MapViewController.swift in Sources */ = {isa = PBXBuildFile; fileRef = 778606C81C348AC6002D94EB /* MapViewController.swift */; };
		778606CC1C348AC6002D94EB /* Main.storyboard in Resources */ = {isa = PBXBuildFile; fileRef = 778606CA1C348AC6002D94EB /* Main.storyboard */; };
		778606CE1C348AC6002D94EB /* Assets.xcassets in Resources */ = {isa = PBXBuildFile; fileRef = 778606CD1C348AC6002D94EB /* Assets.xcassets */; };
		778606D11C348AC6002D94EB /* LaunchScreen.storyboard in Resources */ = {isa = PBXBuildFile; fileRef = 778606CF1C348AC6002D94EB /* LaunchScreen.storyboard */; };
		778606F31C34A969002D94EB /* DosimeterViewController.swift in Sources */ = {isa = PBXBuildFile; fileRef = 778606F21C34A969002D94EB /* DosimeterViewController.swift */; };
		77D3C9831C34AF73004F400A /* SwiftyJSON.swift in Sources */ = {isa = PBXBuildFile; fileRef = 77D3C9821C34AF73004F400A /* SwiftyJSON.swift */; };
		B33C8075D48A5BCF14502910 /* Pods_DoseNet.framework in Frameworks */ = {isa = PBXBuildFile; fileRef = 5B2A48807C4CFD9C729B17A9 /* Pods_DoseNet.framework */; };
/* End PBXBuildFile section */

/* Begin PBXCopyFilesBuildPhase section */
		778606EE1C348B3C002D94EB /* Embed Frameworks */ = {
			isa = PBXCopyFilesBuildPhase;
			buildActionMask = 2147483647;
			dstPath = "";
			dstSubfolderSpec = 10;
			files = (
			);
			name = "Embed Frameworks";
			runOnlyForDeploymentPostprocessing = 0;
		};
/* End PBXCopyFilesBuildPhase section */

/* Begin PBXFileReference section */
		0A476CE422C5128B51CCB8FA /* Pods-DoseNet.debug.xcconfig */ = {isa = PBXFileReference; includeInIndex = 1; lastKnownFileType = text.xcconfig; name = "Pods-DoseNet.debug.xcconfig"; path = "Pods/Target Support Files/Pods-DoseNet/Pods-DoseNet.debug.xcconfig"; sourceTree = "<group>"; };
		2AE5CC0BDD23D1E4A2279456 /* Pods-DoseNet.release.xcconfig */ = {isa = PBXFileReference; includeInIndex = 1; lastKnownFileType = text.xcconfig; name = "Pods-DoseNet.release.xcconfig"; path = "Pods/Target Support Files/Pods-DoseNet/Pods-DoseNet.release.xcconfig"; sourceTree = "<group>"; };
		5B2A48807C4CFD9C729B17A9 /* Pods_DoseNet.framework */ = {isa = PBXFileReference; explicitFileType = wrapper.framework; includeInIndex = 0; path = Pods_DoseNet.framework; sourceTree = BUILT_PRODUCTS_DIR; };
		772EE8E71C3DB014007EEA96 /* DosimeterGraphsViewController.swift */ = {isa = PBXFileReference; fileEncoding = 4; lastKnownFileType = sourcecode.swift; path = DosimeterGraphsViewController.swift; sourceTree = "<group>"; };
		7744C4411C3D4F2200E1F338 /* Dosimeter.swift */ = {isa = PBXFileReference; fileEncoding = 4; lastKnownFileType = sourcecode.swift; path = Dosimeter.swift; sourceTree = "<group>"; };
		778606C11C348AC6002D94EB /* DoseNet.app */ = {isa = PBXFileReference; explicitFileType = wrapper.application; includeInIndex = 0; path = DoseNet.app; sourceTree = BUILT_PRODUCTS_DIR; };
		778606C41C348AC6002D94EB /* AppDelegate.swift */ = {isa = PBXFileReference; lastKnownFileType = sourcecode.swift; path = AppDelegate.swift; sourceTree = "<group>"; };
		778606C61C348AC6002D94EB /* InfoViewController.swift */ = {isa = PBXFileReference; lastKnownFileType = sourcecode.swift; path = InfoViewController.swift; sourceTree = "<group>"; };
		778606C81C348AC6002D94EB /* MapViewController.swift */ = {isa = PBXFileReference; lastKnownFileType = sourcecode.swift; path = MapViewController.swift; sourceTree = "<group>"; };
		778606CB1C348AC6002D94EB /* Base */ = {isa = PBXFileReference; lastKnownFileType = file.storyboard; name = Base; path = Base.lproj/Main.storyboard; sourceTree = "<group>"; };
		778606CD1C348AC6002D94EB /* Assets.xcassets */ = {isa = PBXFileReference; lastKnownFileType = folder.assetcatalog; path = Assets.xcassets; sourceTree = "<group>"; };
		778606D01C348AC6002D94EB /* Base */ = {isa = PBXFileReference; lastKnownFileType = file.storyboard; name = Base; path = Base.lproj/LaunchScreen.storyboard; sourceTree = "<group>"; };
		778606D21C348AC6002D94EB /* Info.plist */ = {isa = PBXFileReference; lastKnownFileType = text.plist.xml; path = Info.plist; sourceTree = "<group>"; };
		778606F21C34A969002D94EB /* DosimeterViewController.swift */ = {isa = PBXFileReference; fileEncoding = 4; lastKnownFileType = sourcecode.swift; path = DosimeterViewController.swift; sourceTree = "<group>"; };
		77D3C9821C34AF73004F400A /* SwiftyJSON.swift */ = {isa = PBXFileReference; fileEncoding = 4; lastKnownFileType = sourcecode.swift; path = SwiftyJSON.swift; sourceTree = "<group>"; };
/* End PBXFileReference section */

/* Begin PBXFrameworksBuildPhase section */
		778606BE1C348AC6002D94EB /* Frameworks */ = {
			isa = PBXFrameworksBuildPhase;
			buildActionMask = 2147483647;
			files = (
				B33C8075D48A5BCF14502910 /* Pods_DoseNet.framework in Frameworks */,
			);
			runOnlyForDeploymentPostprocessing = 0;
		};
/* End PBXFrameworksBuildPhase section */

/* Begin PBXGroup section */
		43B7325666DFE50F8D8D18F9 /* Frameworks */ = {
			isa = PBXGroup;
			children = (
				5B2A48807C4CFD9C729B17A9 /* Pods_DoseNet.framework */,
			);
			name = Frameworks;
			sourceTree = "<group>";
		};
		778606B81C348AC6002D94EB = {
			isa = PBXGroup;
			children = (
				778606C31C348AC6002D94EB /* DoseNet */,
				778606C21C348AC6002D94EB /* Products */,
				A16507B987420999BE20DDA3 /* Pods */,
				43B7325666DFE50F8D8D18F9 /* Frameworks */,
			);
			sourceTree = "<group>";
		};
		778606C21C348AC6002D94EB /* Products */ = {
			isa = PBXGroup;
			children = (
				778606C11C348AC6002D94EB /* DoseNet.app */,
			);
			name = Products;
			sourceTree = "<group>";
		};
		778606C31C348AC6002D94EB /* DoseNet */ = {
			isa = PBXGroup;
			children = (
				7744C4411C3D4F2200E1F338 /* Dosimeter.swift */,
				778606F21C34A969002D94EB /* DosimeterViewController.swift */,
				778606C81C348AC6002D94EB /* MapViewController.swift */,
				778606C61C348AC6002D94EB /* InfoViewController.swift */,
				778606CA1C348AC6002D94EB /* Main.storyboard */,
				772EE8E71C3DB014007EEA96 /* DosimeterGraphsViewController.swift */,
				778606CD1C348AC6002D94EB /* Assets.xcassets */,
				778606CF1C348AC6002D94EB /* LaunchScreen.storyboard */,
				778606D21C348AC6002D94EB /* Info.plist */,
				778606C41C348AC6002D94EB /* AppDelegate.swift */,
				77D3C9821C34AF73004F400A /* SwiftyJSON.swift */,
			);
			path = DoseNet;
			sourceTree = "<group>";
		};
		A16507B987420999BE20DDA3 /* Pods */ = {
			isa = PBXGroup;
			children = (
				0A476CE422C5128B51CCB8FA /* Pods-DoseNet.debug.xcconfig */,
				2AE5CC0BDD23D1E4A2279456 /* Pods-DoseNet.release.xcconfig */,
			);
			name = Pods;
			sourceTree = "<group>";
		};
/* End PBXGroup section */

/* Begin PBXNativeTarget section */
		778606C01C348AC6002D94EB /* DoseNet */ = {
			isa = PBXNativeTarget;
			buildConfigurationList = 778606D51C348AC6002D94EB /* Build configuration list for PBXNativeTarget "DoseNet" */;
			buildPhases = (
				B7CB505C9481F92F80BFACBE /* Check Pods Manifest.lock */,
				778606BD1C348AC6002D94EB /* Sources */,
				778606BE1C348AC6002D94EB /* Frameworks */,
				778606BF1C348AC6002D94EB /* Resources */,
				778606EE1C348B3C002D94EB /* Embed Frameworks */,
				B3C73C7635912402008911A3 /* Embed Pods Frameworks */,
				F74511B31DFB2E00525CFF6C /* Copy Pods Resources */,
			);
			buildRules = (
			);
			dependencies = (
			);
			name = DoseNet;
			productName = DoseNet;
			productReference = 778606C11C348AC6002D94EB /* DoseNet.app */;
			productType = "com.apple.product-type.application";
		};
/* End PBXNativeTarget section */

/* Begin PBXProject section */
		778606B91C348AC6002D94EB /* Project object */ = {
			isa = PBXProject;
			attributes = {
				LastSwiftUpdateCheck = 0720;
				LastUpgradeCheck = 0720;
				ORGANIZATIONNAME = navrit;
				TargetAttributes = {
					778606C01C348AC6002D94EB = {
						CreatedOnToolsVersion = 7.2;
					};
				};
			};
			buildConfigurationList = 778606BC1C348AC6002D94EB /* Build configuration list for PBXProject "DoseNet" */;
			compatibilityVersion = "Xcode 3.2";
			developmentRegion = English;
			hasScannedForEncodings = 0;
			knownRegions = (
				en,
				Base,
			);
			mainGroup = 778606B81C348AC6002D94EB;
			productRefGroup = 778606C21C348AC6002D94EB /* Products */;
			projectDirPath = "";
			projectRoot = "";
			targets = (
				778606C01C348AC6002D94EB /* DoseNet */,
			);
		};
/* End PBXProject section */

/* Begin PBXResourcesBuildPhase section */
		778606BF1C348AC6002D94EB /* Resources */ = {
			isa = PBXResourcesBuildPhase;
			buildActionMask = 2147483647;
			files = (
				778606D11C348AC6002D94EB /* LaunchScreen.storyboard in Resources */,
				778606CE1C348AC6002D94EB /* Assets.xcassets in Resources */,
				778606CC1C348AC6002D94EB /* Main.storyboard in Resources */,
			);
			runOnlyForDeploymentPostprocessing = 0;
		};
/* End PBXResourcesBuildPhase section */

/* Begin PBXShellScriptBuildPhase section */
		B3C73C7635912402008911A3 /* Embed Pods Frameworks */ = {
			isa = PBXShellScriptBuildPhase;
			buildActionMask = 2147483647;
			files = (
			);
			inputPaths = (
			);
			name = "Embed Pods Frameworks";
			outputPaths = (
			);
			runOnlyForDeploymentPostprocessing = 0;
			shellPath = /bin/sh;
			shellScript = "\"${SRCROOT}/Pods/Target Support Files/Pods-DoseNet/Pods-DoseNet-frameworks.sh\"\n";
			showEnvVarsInLog = 0;
		};
		B7CB505C9481F92F80BFACBE /* Check Pods Manifest.lock */ = {
			isa = PBXShellScriptBuildPhase;
			buildActionMask = 2147483647;
			files = (
			);
			inputPaths = (
			);
			name = "Check Pods Manifest.lock";
			outputPaths = (
			);
			runOnlyForDeploymentPostprocessing = 0;
			shellPath = /bin/sh;
			shellScript = "diff \"${PODS_ROOT}/../Podfile.lock\" \"${PODS_ROOT}/Manifest.lock\" > /dev/null\nif [[ $? != 0 ]] ; then\n    cat << EOM\nerror: The sandbox is not in sync with the Podfile.lock. Run 'pod install' or update your CocoaPods installation.\nEOM\n    exit 1\nfi\n";
			showEnvVarsInLog = 0;
		};
		F74511B31DFB2E00525CFF6C /* Copy Pods Resources */ = {
			isa = PBXShellScriptBuildPhase;
			buildActionMask = 2147483647;
			files = (
			);
			inputPaths = (
			);
			name = "Copy Pods Resources";
			outputPaths = (
			);
			runOnlyForDeploymentPostprocessing = 0;
			shellPath = /bin/sh;
			shellScript = "\"${SRCROOT}/Pods/Target Support Files/Pods-DoseNet/Pods-DoseNet-resources.sh\"\n";
			showEnvVarsInLog = 0;
		};
/* End PBXShellScriptBuildPhase section */

/* Begin PBXSourcesBuildPhase section */
		778606BD1C348AC6002D94EB /* Sources */ = {
			isa = PBXSourcesBuildPhase;
			buildActionMask = 2147483647;
			files = (
				778606C91C348AC6002D94EB /* MapViewController.swift in Sources */,
				778606C51C348AC6002D94EB /* AppDelegate.swift in Sources */,
				772B7A341C3D53080021D677 /* Dosimeter.swift in Sources */,
				778606F31C34A969002D94EB /* DosimeterViewController.swift in Sources */,
				772EE8E81C3DB014007EEA96 /* DosimeterGraphsViewController.swift in Sources */,
				77D3C9831C34AF73004F400A /* SwiftyJSON.swift in Sources */,
				778606C71C348AC6002D94EB /* InfoViewController.swift in Sources */,
			);
			runOnlyForDeploymentPostprocessing = 0;
		};
/* End PBXSourcesBuildPhase section */

/* Begin PBXVariantGroup section */
		778606CA1C348AC6002D94EB /* Main.storyboard */ = {
			isa = PBXVariantGroup;
			children = (
				778606CB1C348AC6002D94EB /* Base */,
			);
			name = Main.storyboard;
			sourceTree = "<group>";
		};
		778606CF1C348AC6002D94EB /* LaunchScreen.storyboard */ = {
			isa = PBXVariantGroup;
			children = (
				778606D01C348AC6002D94EB /* Base */,
			);
			name = LaunchScreen.storyboard;
			sourceTree = "<group>";
		};
/* End PBXVariantGroup section */

/* Begin XCBuildConfiguration section */
		778606D31C348AC6002D94EB /* Debug */ = {
			isa = XCBuildConfiguration;
			buildSettings = {
				ALWAYS_SEARCH_USER_PATHS = NO;
				CLANG_CXX_LANGUAGE_STANDARD = "gnu++0x";
				CLANG_CXX_LIBRARY = "libc++";
				CLANG_ENABLE_MODULES = YES;
				CLANG_ENABLE_OBJC_ARC = YES;
				CLANG_WARN_BOOL_CONVERSION = YES;
				CLANG_WARN_CONSTANT_CONVERSION = YES;
				CLANG_WARN_DIRECT_OBJC_ISA_USAGE = YES_ERROR;
				CLANG_WARN_EMPTY_BODY = YES;
				CLANG_WARN_ENUM_CONVERSION = YES;
				CLANG_WARN_INT_CONVERSION = YES;
				CLANG_WARN_OBJC_ROOT_CLASS = YES_ERROR;
				CLANG_WARN_UNREACHABLE_CODE = YES;
				CLANG_WARN__DUPLICATE_METHOD_MATCH = YES;
				"CODE_SIGN_IDENTITY[sdk=iphoneos*]" = "iPhone Developer";
				COPY_PHASE_STRIP = NO;
				DEBUG_INFORMATION_FORMAT = dwarf;
				ENABLE_STRICT_OBJC_MSGSEND = YES;
				ENABLE_TESTABILITY = YES;
				GCC_C_LANGUAGE_STANDARD = gnu99;
				GCC_DYNAMIC_NO_PIC = NO;
				GCC_NO_COMMON_BLOCKS = YES;
				GCC_OPTIMIZATION_LEVEL = 0;
				GCC_PREPROCESSOR_DEFINITIONS = (
					"DEBUG=1",
					"$(inherited)",
				);
				GCC_WARN_64_TO_32_BIT_CONVERSION = YES;
				GCC_WARN_ABOUT_RETURN_TYPE = YES_ERROR;
				GCC_WARN_UNDECLARED_SELECTOR = YES;
				GCC_WARN_UNINITIALIZED_AUTOS = YES_AGGRESSIVE;
				GCC_WARN_UNUSED_FUNCTION = YES;
				GCC_WARN_UNUSED_VARIABLE = YES;
				IPHONEOS_DEPLOYMENT_TARGET = 9.2;
				MTL_ENABLE_DEBUG_INFO = YES;
				ONLY_ACTIVE_ARCH = YES;
				SDKROOT = iphoneos;
				SWIFT_OPTIMIZATION_LEVEL = "-Onone";
			};
			name = Debug;
		};
		778606D41C348AC6002D94EB /* Release */ = {
			isa = XCBuildConfiguration;
			buildSettings = {
				ALWAYS_SEARCH_USER_PATHS = NO;
				CLANG_CXX_LANGUAGE_STANDARD = "gnu++0x";
				CLANG_CXX_LIBRARY = "libc++";
				CLANG_ENABLE_MODULES = YES;
				CLANG_ENABLE_OBJC_ARC = YES;
				CLANG_WARN_BOOL_CONVERSION = YES;
				CLANG_WARN_CONSTANT_CONVERSION = YES;
				CLANG_WARN_DIRECT_OBJC_ISA_USAGE = YES_ERROR;
				CLANG_WARN_EMPTY_BODY = YES;
				CLANG_WARN_ENUM_CONVERSION = YES;
				CLANG_WARN_INT_CONVERSION = YES;
				CLANG_WARN_OBJC_ROOT_CLASS = YES_ERROR;
				CLANG_WARN_UNREACHABLE_CODE = YES;
				CLANG_WARN__DUPLICATE_METHOD_MATCH = YES;
				"CODE_SIGN_IDENTITY[sdk=iphoneos*]" = "iPhone Developer";
				COPY_PHASE_STRIP = NO;
				DEBUG_INFORMATION_FORMAT = "dwarf-with-dsym";
				ENABLE_NS_ASSERTIONS = NO;
				ENABLE_STRICT_OBJC_MSGSEND = YES;
				GCC_C_LANGUAGE_STANDARD = gnu99;
				GCC_NO_COMMON_BLOCKS = YES;
				GCC_WARN_64_TO_32_BIT_CONVERSION = YES;
				GCC_WARN_ABOUT_RETURN_TYPE = YES_ERROR;
				GCC_WARN_UNDECLARED_SELECTOR = YES;
				GCC_WARN_UNINITIALIZED_AUTOS = YES_AGGRESSIVE;
				GCC_WARN_UNUSED_FUNCTION = YES;
				GCC_WARN_UNUSED_VARIABLE = YES;
				IPHONEOS_DEPLOYMENT_TARGET = 9.2;
				MTL_ENABLE_DEBUG_INFO = NO;
				SDKROOT = iphoneos;
				VALIDATE_PRODUCT = YES;
			};
			name = Release;
		};
		778606D61C348AC6002D94EB /* Debug */ = {
			isa = XCBuildConfiguration;
			baseConfigurationReference = 0A476CE422C5128B51CCB8FA /* Pods-DoseNet.debug.xcconfig */;
			buildSettings = {
				ASSETCATALOG_COMPILER_APPICON_NAME = AppIcon;
				EMBEDDED_CONTENT_CONTAINS_SWIFT = YES;
				INFOPLIST_FILE = DoseNet/Info.plist;
				LD_RUNPATH_SEARCH_PATHS = "$(inherited) @executable_path/Frameworks";
				PRODUCT_BUNDLE_IDENTIFIER = com.navrit.DoseNet;
				PRODUCT_NAME = "$(TARGET_NAME)";
			};
			name = Debug;
		};
		778606D71C348AC6002D94EB /* Release */ = {
			isa = XCBuildConfiguration;
			baseConfigurationReference = 2AE5CC0BDD23D1E4A2279456 /* Pods-DoseNet.release.xcconfig */;
			buildSettings = {
				ASSETCATALOG_COMPILER_APPICON_NAME = AppIcon;
				EMBEDDED_CONTENT_CONTAINS_SWIFT = YES;
				INFOPLIST_FILE = DoseNet/Info.plist;
				LD_RUNPATH_SEARCH_PATHS = "$(inherited) @executable_path/Frameworks";
				PRODUCT_BUNDLE_IDENTIFIER = com.navrit.DoseNet;
				PRODUCT_NAME = "$(TARGET_NAME)";
			};
			name = Release;
		};
/* End XCBuildConfiguration section */

/* Begin XCConfigurationList section */
		778606BC1C348AC6002D94EB /* Build configuration list for PBXProject "DoseNet" */ = {
			isa = XCConfigurationList;
			buildConfigurations = (
				778606D31C348AC6002D94EB /* Debug */,
				778606D41C348AC6002D94EB /* Release */,
			);
			defaultConfigurationIsVisible = 0;
			defaultConfigurationName = Release;
		};
		778606D51C348AC6002D94EB /* Build configuration list for PBXNativeTarget "DoseNet" */ = {
			isa = XCConfigurationList;
			buildConfigurations = (
				778606D61C348AC6002D94EB /* Debug */,
				778606D71C348AC6002D94EB /* Release */,
			);
			defaultConfigurationIsVisible = 0;
			defaultConfigurationName = Release;
		};
/* End XCConfigurationList section */
	};
	rootObject = 778606B91C348AC6002D94EB /* Project object */;
}
